// !$*UTF8*$!
{
	archiveVersion = 1;
	classes = {
	};
	objectVersion = 51;
	objects = {

/* Begin PBXBuildFile section */
		02362486B94E99B5574BDE8F /* Pods_TestApp_TestAppUITests.framework in Frameworks */ = {isa = PBXBuildFile; fileRef = EB1E416E8C8563C6C002B690 /* Pods_TestApp_TestAppUITests.framework */; };
		1F57A23F24461A6987EFCD5A /* Pods_TestAppTests.framework in Frameworks */ = {isa = PBXBuildFile; fileRef = AF2D40C90E244B7463EE9406 /* Pods_TestAppTests.framework */; };
		5B29681D2605A70400447A67 /* AppDelegate.swift in Sources */ = {isa = PBXBuildFile; fileRef = 5B29681C2605A70400447A67 /* AppDelegate.swift */; };
		5B29681F2605A70400447A67 /* SceneDelegate.swift in Sources */ = {isa = PBXBuildFile; fileRef = 5B29681E2605A70400447A67 /* SceneDelegate.swift */; };
		5B2968212605A70400447A67 /* ViewController.swift in Sources */ = {isa = PBXBuildFile; fileRef = 5B2968202605A70400447A67 /* ViewController.swift */; };
		5B2968242605A70400447A67 /* Main.storyboard in Resources */ = {isa = PBXBuildFile; fileRef = 5B2968222605A70400447A67 /* Main.storyboard */; };
		5B2968262605A70400447A67 /* Assets.xcassets in Resources */ = {isa = PBXBuildFile; fileRef = 5B2968252605A70400447A67 /* Assets.xcassets */; };
		5B2968292605A70400447A67 /* LaunchScreen.storyboard in Resources */ = {isa = PBXBuildFile; fileRef = 5B2968272605A70400447A67 /* LaunchScreen.storyboard */; };
		5B2968342605A70400447A67 /* TestAppTests.swift in Sources */ = {isa = PBXBuildFile; fileRef = 5B2968332605A70400447A67 /* TestAppTests.swift */; };
		5B29683F2605A70500447A67 /* TestAppUITests.swift in Sources */ = {isa = PBXBuildFile; fileRef = 5B29683E2605A70500447A67 /* TestAppUITests.swift */; };
		5B2968562605A7F200447A67 /* HttpRequestManager.swift in Sources */ = {isa = PBXBuildFile; fileRef = 5B2968532605A7F200447A67 /* HttpRequestManager.swift */; };
		5B2968572605A7F200447A67 /* KeyNameConstants.swift in Sources */ = {isa = PBXBuildFile; fileRef = 5B2968542605A7F200447A67 /* KeyNameConstants.swift */; };
		5B2968582605A7F200447A67 /* WsPrefix.swift in Sources */ = {isa = PBXBuildFile; fileRef = 5B2968552605A7F200447A67 /* WsPrefix.swift */; };
		5B29686B2605A95E00447A67 /* Utility.swift in Sources */ = {isa = PBXBuildFile; fileRef = 5B29686A2605A95E00447A67 /* Utility.swift */; };
		5B2968702605A96A00447A67 /* UtilityFunctions.swift in Sources */ = {isa = PBXBuildFile; fileRef = 5B29686F2605A96A00447A67 /* UtilityFunctions.swift */; };
		96FF9752DB9903E6F827A2DB /* Pods_TestApp.framework in Frameworks */ = {isa = PBXBuildFile; fileRef = 44397D8BEA865351AE2A460F /* Pods_TestApp.framework */; };
/* End PBXBuildFile section */

/* Begin PBXContainerItemProxy section */
		5B2968302605A70400447A67 /* PBXContainerItemProxy */ = {
			isa = PBXContainerItemProxy;
			containerPortal = 5B2968112605A70300447A67 /* Project object */;
			proxyType = 1;
			remoteGlobalIDString = 5B2968182605A70400447A67;
			remoteInfo = TestApp;
		};
		5B29683B2605A70500447A67 /* PBXContainerItemProxy */ = {
			isa = PBXContainerItemProxy;
			containerPortal = 5B2968112605A70300447A67 /* Project object */;
			proxyType = 1;
			remoteGlobalIDString = 5B2968182605A70400447A67;
			remoteInfo = TestApp;
		};
/* End PBXContainerItemProxy section */

/* Begin PBXFileReference section */
		44397D8BEA865351AE2A460F /* Pods_TestApp.framework */ = {isa = PBXFileReference; explicitFileType = wrapper.framework; includeInIndex = 0; path = Pods_TestApp.framework; sourceTree = BUILT_PRODUCTS_DIR; };
		5B2968192605A70400447A67 /* TestApp.app */ = {isa = PBXFileReference; explicitFileType = wrapper.application; includeInIndex = 0; path = TestApp.app; sourceTree = BUILT_PRODUCTS_DIR; };
		5B29681C2605A70400447A67 /* AppDelegate.swift */ = {isa = PBXFileReference; lastKnownFileType = sourcecode.swift; path = AppDelegate.swift; sourceTree = "<group>"; };
		5B29681E2605A70400447A67 /* SceneDelegate.swift */ = {isa = PBXFileReference; lastKnownFileType = sourcecode.swift; path = SceneDelegate.swift; sourceTree = "<group>"; };
		5B2968202605A70400447A67 /* ViewController.swift */ = {isa = PBXFileReference; lastKnownFileType = sourcecode.swift; path = ViewController.swift; sourceTree = "<group>"; };
		5B2968232605A70400447A67 /* Base */ = {isa = PBXFileReference; lastKnownFileType = file.storyboard; name = Base; path = Base.lproj/Main.storyboard; sourceTree = "<group>"; };
		5B2968252605A70400447A67 /* Assets.xcassets */ = {isa = PBXFileReference; lastKnownFileType = folder.assetcatalog; path = Assets.xcassets; sourceTree = "<group>"; };
		5B2968282605A70400447A67 /* Base */ = {isa = PBXFileReference; lastKnownFileType = file.storyboard; name = Base; path = Base.lproj/LaunchScreen.storyboard; sourceTree = "<group>"; };
		5B29682A2605A70400447A67 /* Info.plist */ = {isa = PBXFileReference; lastKnownFileType = text.plist.xml; path = Info.plist; sourceTree = "<group>"; };
		5B29682F2605A70400447A67 /* TestAppTests.xctest */ = {isa = PBXFileReference; explicitFileType = wrapper.cfbundle; includeInIndex = 0; path = TestAppTests.xctest; sourceTree = BUILT_PRODUCTS_DIR; };
		5B2968332605A70400447A67 /* TestAppTests.swift */ = {isa = PBXFileReference; lastKnownFileType = sourcecode.swift; path = TestAppTests.swift; sourceTree = "<group>"; };
		5B2968352605A70400447A67 /* Info.plist */ = {isa = PBXFileReference; lastKnownFileType = text.plist.xml; path = Info.plist; sourceTree = "<group>"; };
		5B29683A2605A70500447A67 /* TestAppUITests.xctest */ = {isa = PBXFileReference; explicitFileType = wrapper.cfbundle; includeInIndex = 0; path = TestAppUITests.xctest; sourceTree = BUILT_PRODUCTS_DIR; };
		5B29683E2605A70500447A67 /* TestAppUITests.swift */ = {isa = PBXFileReference; lastKnownFileType = sourcecode.swift; path = TestAppUITests.swift; sourceTree = "<group>"; };
		5B2968402605A70500447A67 /* Info.plist */ = {isa = PBXFileReference; lastKnownFileType = text.plist.xml; path = Info.plist; sourceTree = "<group>"; };
		5B2968532605A7F200447A67 /* HttpRequestManager.swift */ = {isa = PBXFileReference; fileEncoding = 4; lastKnownFileType = sourcecode.swift; path = HttpRequestManager.swift; sourceTree = "<group>"; };
		5B2968542605A7F200447A67 /* KeyNameConstants.swift */ = {isa = PBXFileReference; fileEncoding = 4; lastKnownFileType = sourcecode.swift; path = KeyNameConstants.swift; sourceTree = "<group>"; };
		5B2968552605A7F200447A67 /* WsPrefix.swift */ = {isa = PBXFileReference; fileEncoding = 4; lastKnownFileType = sourcecode.swift; path = WsPrefix.swift; sourceTree = "<group>"; };
		5B29686A2605A95E00447A67 /* Utility.swift */ = {isa = PBXFileReference; fileEncoding = 4; lastKnownFileType = sourcecode.swift; path = Utility.swift; sourceTree = "<group>"; };
		5B29686F2605A96A00447A67 /* UtilityFunctions.swift */ = {isa = PBXFileReference; fileEncoding = 4; lastKnownFileType = sourcecode.swift; path = UtilityFunctions.swift; sourceTree = "<group>"; };
		723218796B0A59FCBEEF3E9A /* Pods-TestApp.release.xcconfig */ = {isa = PBXFileReference; includeInIndex = 1; lastKnownFileType = text.xcconfig; name = "Pods-TestApp.release.xcconfig"; path = "Target Support Files/Pods-TestApp/Pods-TestApp.release.xcconfig"; sourceTree = "<group>"; };
		9C6A81012E40FAB361F93F97 /* Pods-TestAppTests.debug.xcconfig */ = {isa = PBXFileReference; includeInIndex = 1; lastKnownFileType = text.xcconfig; name = "Pods-TestAppTests.debug.xcconfig"; path = "Target Support Files/Pods-TestAppTests/Pods-TestAppTests.debug.xcconfig"; sourceTree = "<group>"; };
		AF2D40C90E244B7463EE9406 /* Pods_TestAppTests.framework */ = {isa = PBXFileReference; explicitFileType = wrapper.framework; includeInIndex = 0; path = Pods_TestAppTests.framework; sourceTree = BUILT_PRODUCTS_DIR; };
		C05CCA053C797F934B407253 /* Pods-TestApp-TestAppUITests.debug.xcconfig */ = {isa = PBXFileReference; includeInIndex = 1; lastKnownFileType = text.xcconfig; name = "Pods-TestApp-TestAppUITests.debug.xcconfig"; path = "Target Support Files/Pods-TestApp-TestAppUITests/Pods-TestApp-TestAppUITests.debug.xcconfig"; sourceTree = "<group>"; };
		C08FA873686EE472DBFC59C3 /* Pods-TestAppTests.release.xcconfig */ = {isa = PBXFileReference; includeInIndex = 1; lastKnownFileType = text.xcconfig; name = "Pods-TestAppTests.release.xcconfig"; path = "Target Support Files/Pods-TestAppTests/Pods-TestAppTests.release.xcconfig"; sourceTree = "<group>"; };
		CB15CBEDECECEC152A18512D /* Pods-TestApp-TestAppUITests.release.xcconfig */ = {isa = PBXFileReference; includeInIndex = 1; lastKnownFileType = text.xcconfig; name = "Pods-TestApp-TestAppUITests.release.xcconfig"; path = "Target Support Files/Pods-TestApp-TestAppUITests/Pods-TestApp-TestAppUITests.release.xcconfig"; sourceTree = "<group>"; };
		DE479D6A253F60A745FB0DB7 /* Pods-TestApp.debug.xcconfig */ = {isa = PBXFileReference; includeInIndex = 1; lastKnownFileType = text.xcconfig; name = "Pods-TestApp.debug.xcconfig"; path = "Target Support Files/Pods-TestApp/Pods-TestApp.debug.xcconfig"; sourceTree = "<group>"; };
		EB1E416E8C8563C6C002B690 /* Pods_TestApp_TestAppUITests.framework */ = {isa = PBXFileReference; explicitFileType = wrapper.framework; includeInIndex = 0; path = Pods_TestApp_TestAppUITests.framework; sourceTree = BUILT_PRODUCTS_DIR; };
/* End PBXFileReference section */

/* Begin PBXFrameworksBuildPhase section */
		5B2968162605A70400447A67 /* Frameworks */ = {
			isa = PBXFrameworksBuildPhase;
			buildActionMask = 2147483647;
			files = (
				96FF9752DB9903E6F827A2DB /* Pods_TestApp.framework in Frameworks */,
			);
			runOnlyForDeploymentPostprocessing = 0;
		};
		5B29682C2605A70400447A67 /* Frameworks */ = {
			isa = PBXFrameworksBuildPhase;
			buildActionMask = 2147483647;
			files = (
				1F57A23F24461A6987EFCD5A /* Pods_TestAppTests.framework in Frameworks */,
			);
			runOnlyForDeploymentPostprocessing = 0;
		};
		5B2968372605A70500447A67 /* Frameworks */ = {
			isa = PBXFrameworksBuildPhase;
			buildActionMask = 2147483647;
			files = (
				02362486B94E99B5574BDE8F /* Pods_TestApp_TestAppUITests.framework in Frameworks */,
			);
			runOnlyForDeploymentPostprocessing = 0;
		};
/* End PBXFrameworksBuildPhase section */

/* Begin PBXGroup section */
		039A857B91BC2495493057A5 /* Frameworks */ = {
			isa = PBXGroup;
			children = (
				44397D8BEA865351AE2A460F /* Pods_TestApp.framework */,
				EB1E416E8C8563C6C002B690 /* Pods_TestApp_TestAppUITests.framework */,
				AF2D40C90E244B7463EE9406 /* Pods_TestAppTests.framework */,
			);
			name = Frameworks;
			sourceTree = "<group>";
		};
		5B2968102605A70300447A67 = {
			isa = PBXGroup;
			children = (
				5B29681B2605A70400447A67 /* TestApp */,
				5B2968322605A70400447A67 /* TestAppTests */,
				5B29683D2605A70500447A67 /* TestAppUITests */,
				5B29681A2605A70400447A67 /* Products */,
				63314B5A720CBE0D67F8A973 /* Pods */,
				039A857B91BC2495493057A5 /* Frameworks */,
			);
			sourceTree = "<group>";
		};
		5B29681A2605A70400447A67 /* Products */ = {
			isa = PBXGroup;
			children = (
				5B2968192605A70400447A67 /* TestApp.app */,
				5B29682F2605A70400447A67 /* TestAppTests.xctest */,
				5B29683A2605A70500447A67 /* TestAppUITests.xctest */,
			);
			name = Products;
			sourceTree = "<group>";
		};
		5B29681B2605A70400447A67 /* TestApp */ = {
			isa = PBXGroup;
			children = (
				5B29684F2605A73300447A67 /* Utility */,
				5B29681C2605A70400447A67 /* AppDelegate.swift */,
				5B29681E2605A70400447A67 /* SceneDelegate.swift */,
				5B2968202605A70400447A67 /* ViewController.swift */,
				5B2968222605A70400447A67 /* Main.storyboard */,
				5B2968252605A70400447A67 /* Assets.xcassets */,
				5B2968272605A70400447A67 /* LaunchScreen.storyboard */,
				5B29682A2605A70400447A67 /* Info.plist */,
			);
			path = TestApp;
			sourceTree = "<group>";
		};
		5B2968322605A70400447A67 /* TestAppTests */ = {
			isa = PBXGroup;
			children = (
				5B2968332605A70400447A67 /* TestAppTests.swift */,
				5B2968352605A70400447A67 /* Info.plist */,
			);
			path = TestAppTests;
			sourceTree = "<group>";
		};
		5B29683D2605A70500447A67 /* TestAppUITests */ = {
			isa = PBXGroup;
			children = (
				5B29683E2605A70500447A67 /* TestAppUITests.swift */,
				5B2968402605A70500447A67 /* Info.plist */,
			);
			path = TestAppUITests;
			sourceTree = "<group>";
		};
		5B29684F2605A73300447A67 /* Utility */ = {
			isa = PBXGroup;
			children = (
				5B2968532605A7F200447A67 /* HttpRequestManager.swift */,
				5B29686A2605A95E00447A67 /* Utility.swift */,
				5B2968542605A7F200447A67 /* KeyNameConstants.swift */,
				5B29686F2605A96A00447A67 /* UtilityFunctions.swift */,
				5B2968552605A7F200447A67 /* WsPrefix.swift */,
			);
			path = Utility;
			sourceTree = "<group>";
		};
		63314B5A720CBE0D67F8A973 /* Pods */ = {
			isa = PBXGroup;
			children = (
				DE479D6A253F60A745FB0DB7 /* Pods-TestApp.debug.xcconfig */,
				723218796B0A59FCBEEF3E9A /* Pods-TestApp.release.xcconfig */,
				C05CCA053C797F934B407253 /* Pods-TestApp-TestAppUITests.debug.xcconfig */,
				CB15CBEDECECEC152A18512D /* Pods-TestApp-TestAppUITests.release.xcconfig */,
				9C6A81012E40FAB361F93F97 /* Pods-TestAppTests.debug.xcconfig */,
				C08FA873686EE472DBFC59C3 /* Pods-TestAppTests.release.xcconfig */,
			);
			path = Pods;
			sourceTree = "<group>";
		};
/* End PBXGroup section */

/* Begin PBXNativeTarget section */
		5B2968182605A70400447A67 /* TestApp */ = {
			isa = PBXNativeTarget;
			buildConfigurationList = 5B2968432605A70500447A67 /* Build configuration list for PBXNativeTarget "TestApp" */;
			buildPhases = (
				388B90CA057E528F15165A5F /* [CP] Check Pods Manifest.lock */,
				5B2968152605A70400447A67 /* Sources */,
				5B2968162605A70400447A67 /* Frameworks */,
				5B2968172605A70400447A67 /* Resources */,
				BE3A42E3A02B56247B86995A /* [CP] Embed Pods Frameworks */,
			);
			buildRules = (
			);
			dependencies = (
			);
			name = TestApp;
			productName = TestApp;
			productReference = 5B2968192605A70400447A67 /* TestApp.app */;
			productType = "com.apple.product-type.application";
		};
		5B29682E2605A70400447A67 /* TestAppTests */ = {
			isa = PBXNativeTarget;
			buildConfigurationList = 5B2968462605A70500447A67 /* Build configuration list for PBXNativeTarget "TestAppTests" */;
			buildPhases = (
				27F0FC8A644FA123D06CAAD6 /* [CP] Check Pods Manifest.lock */,
				5B29682B2605A70400447A67 /* Sources */,
				5B29682C2605A70400447A67 /* Frameworks */,
				5B29682D2605A70400447A67 /* Resources */,
			);
			buildRules = (
			);
			dependencies = (
				5B2968312605A70400447A67 /* PBXTargetDependency */,
			);
			name = TestAppTests;
			productName = TestAppTests;
			productReference = 5B29682F2605A70400447A67 /* TestAppTests.xctest */;
			productType = "com.apple.product-type.bundle.unit-test";
		};
		5B2968392605A70500447A67 /* TestAppUITests */ = {
			isa = PBXNativeTarget;
			buildConfigurationList = 5B2968492605A70500447A67 /* Build configuration list for PBXNativeTarget "TestAppUITests" */;
			buildPhases = (
				86F3001447DE154E6787B04D /* [CP] Check Pods Manifest.lock */,
				5B2968362605A70500447A67 /* Sources */,
				5B2968372605A70500447A67 /* Frameworks */,
				5B2968382605A70500447A67 /* Resources */,
				6AF3A8687BAD4C436B1CE9F3 /* [CP] Embed Pods Frameworks */,
			);
			buildRules = (
			);
			dependencies = (
				5B29683C2605A70500447A67 /* PBXTargetDependency */,
			);
			name = TestAppUITests;
			productName = TestAppUITests;
			productReference = 5B29683A2605A70500447A67 /* TestAppUITests.xctest */;
			productType = "com.apple.product-type.bundle.ui-testing";
		};
/* End PBXNativeTarget section */

/* Begin PBXProject section */
		5B2968112605A70300447A67 /* Project object */ = {
			isa = PBXProject;
			attributes = {
				LastSwiftUpdateCheck = 1210;
				LastUpgradeCheck = 1210;
				TargetAttributes = {
					5B2968182605A70400447A67 = {
						CreatedOnToolsVersion = 12.1;
					};
					5B29682E2605A70400447A67 = {
						CreatedOnToolsVersion = 12.1;
						TestTargetID = 5B2968182605A70400447A67;
					};
					5B2968392605A70500447A67 = {
						CreatedOnToolsVersion = 12.1;
						TestTargetID = 5B2968182605A70400447A67;
					};
				};
			};
			buildConfigurationList = 5B2968142605A70300447A67 /* Build configuration list for PBXProject "TestApp" */;
			compatibilityVersion = "Xcode 9.3";
			developmentRegion = en;
			hasScannedForEncodings = 0;
			knownRegions = (
				en,
				Base,
			);
			mainGroup = 5B2968102605A70300447A67;
			productRefGroup = 5B29681A2605A70400447A67 /* Products */;
			projectDirPath = "";
			projectRoot = "";
			targets = (
				5B2968182605A70400447A67 /* TestApp */,
				5B29682E2605A70400447A67 /* TestAppTests */,
				5B2968392605A70500447A67 /* TestAppUITests */,
			);
		};
/* End PBXProject section */

/* Begin PBXResourcesBuildPhase section */
		5B2968172605A70400447A67 /* Resources */ = {
			isa = PBXResourcesBuildPhase;
			buildActionMask = 2147483647;
			files = (
				5B2968292605A70400447A67 /* LaunchScreen.storyboard in Resources */,
				5B2968262605A70400447A67 /* Assets.xcassets in Resources */,
				5B2968242605A70400447A67 /* Main.storyboard in Resources */,
			);
			runOnlyForDeploymentPostprocessing = 0;
		};
		5B29682D2605A70400447A67 /* Resources */ = {
			isa = PBXResourcesBuildPhase;
			buildActionMask = 2147483647;
			files = (
			);
			runOnlyForDeploymentPostprocessing = 0;
		};
		5B2968382605A70500447A67 /* Resources */ = {
			isa = PBXResourcesBuildPhase;
			buildActionMask = 2147483647;
			files = (
			);
			runOnlyForDeploymentPostprocessing = 0;
		};
/* End PBXResourcesBuildPhase section */

/* Begin PBXShellScriptBuildPhase section */
		27F0FC8A644FA123D06CAAD6 /* [CP] Check Pods Manifest.lock */ = {
			isa = PBXShellScriptBuildPhase;
			buildActionMask = 2147483647;
			files = (
			);
			inputFileListPaths = (
			);
			inputPaths = (
				"${PODS_PODFILE_DIR_PATH}/Podfile.lock",
				"${PODS_ROOT}/Manifest.lock",
			);
			name = "[CP] Check Pods Manifest.lock";
			outputFileListPaths = (
			);
			outputPaths = (
				"$(DERIVED_FILE_DIR)/Pods-TestAppTests-checkManifestLockResult.txt",
			);
			runOnlyForDeploymentPostprocessing = 0;
			shellPath = /bin/sh;
			shellScript = "diff \"${PODS_PODFILE_DIR_PATH}/Podfile.lock\" \"${PODS_ROOT}/Manifest.lock\" > /dev/null\nif [ $? != 0 ] ; then\n    # print error to STDERR\n    echo \"error: The sandbox is not in sync with the Podfile.lock. Run 'pod install' or update your CocoaPods installation.\" >&2\n    exit 1\nfi\n# This output is used by Xcode 'outputs' to avoid re-running this script phase.\necho \"SUCCESS\" > \"${SCRIPT_OUTPUT_FILE_0}\"\n";
			showEnvVarsInLog = 0;
		};
		388B90CA057E528F15165A5F /* [CP] Check Pods Manifest.lock */ = {
			isa = PBXShellScriptBuildPhase;
			buildActionMask = 2147483647;
			files = (
			);
			inputFileListPaths = (
			);
			inputPaths = (
				"${PODS_PODFILE_DIR_PATH}/Podfile.lock",
				"${PODS_ROOT}/Manifest.lock",
			);
			name = "[CP] Check Pods Manifest.lock";
			outputFileListPaths = (
			);
			outputPaths = (
				"$(DERIVED_FILE_DIR)/Pods-TestApp-checkManifestLockResult.txt",
			);
			runOnlyForDeploymentPostprocessing = 0;
			shellPath = /bin/sh;
			shellScript = "diff \"${PODS_PODFILE_DIR_PATH}/Podfile.lock\" \"${PODS_ROOT}/Manifest.lock\" > /dev/null\nif [ $? != 0 ] ; then\n    # print error to STDERR\n    echo \"error: The sandbox is not in sync with the Podfile.lock. Run 'pod install' or update your CocoaPods installation.\" >&2\n    exit 1\nfi\n# This output is used by Xcode 'outputs' to avoid re-running this script phase.\necho \"SUCCESS\" > \"${SCRIPT_OUTPUT_FILE_0}\"\n";
			showEnvVarsInLog = 0;
		};
		6AF3A8687BAD4C436B1CE9F3 /* [CP] Embed Pods Frameworks */ = {
			isa = PBXShellScriptBuildPhase;
			buildActionMask = 2147483647;
			files = (
			);
			inputFileListPaths = (
				"${PODS_ROOT}/Target Support Files/Pods-TestApp-TestAppUITests/Pods-TestApp-TestAppUITests-frameworks-${CONFIGURATION}-input-files.xcfilelist",
			);
			name = "[CP] Embed Pods Frameworks";
			outputFileListPaths = (
				"${PODS_ROOT}/Target Support Files/Pods-TestApp-TestAppUITests/Pods-TestApp-TestAppUITests-frameworks-${CONFIGURATION}-output-files.xcfilelist",
			);
			runOnlyForDeploymentPostprocessing = 0;
			shellPath = /bin/sh;
			shellScript = "\"${PODS_ROOT}/Target Support Files/Pods-TestApp-TestAppUITests/Pods-TestApp-TestAppUITests-frameworks.sh\"\n";
			showEnvVarsInLog = 0;
		};
		86F3001447DE154E6787B04D /* [CP] Check Pods Manifest.lock */ = {
			isa = PBXShellScriptBuildPhase;
			buildActionMask = 2147483647;
			files = (
			);
			inputFileListPaths = (
			);
			inputPaths = (
				"${PODS_PODFILE_DIR_PATH}/Podfile.lock",
				"${PODS_ROOT}/Manifest.lock",
			);
			name = "[CP] Check Pods Manifest.lock";
			outputFileListPaths = (
			);
			outputPaths = (
				"$(DERIVED_FILE_DIR)/Pods-TestApp-TestAppUITests-checkManifestLockResult.txt",
			);
			runOnlyForDeploymentPostprocessing = 0;
			shellPath = /bin/sh;
			shellScript = "diff \"${PODS_PODFILE_DIR_PATH}/Podfile.lock\" \"${PODS_ROOT}/Manifest.lock\" > /dev/null\nif [ $? != 0 ] ; then\n    # print error to STDERR\n    echo \"error: The sandbox is not in sync with the Podfile.lock. Run 'pod install' or update your CocoaPods installation.\" >&2\n    exit 1\nfi\n# This output is used by Xcode 'outputs' to avoid re-running this script phase.\necho \"SUCCESS\" > \"${SCRIPT_OUTPUT_FILE_0}\"\n";
			showEnvVarsInLog = 0;
		};
		BE3A42E3A02B56247B86995A /* [CP] Embed Pods Frameworks */ = {
			isa = PBXShellScriptBuildPhase;
			buildActionMask = 2147483647;
			files = (
			);
			inputFileListPaths = (
				"${PODS_ROOT}/Target Support Files/Pods-TestApp/Pods-TestApp-frameworks-${CONFIGURATION}-input-files.xcfilelist",
			);
			name = "[CP] Embed Pods Frameworks";
			outputFileListPaths = (
				"${PODS_ROOT}/Target Support Files/Pods-TestApp/Pods-TestApp-frameworks-${CONFIGURATION}-output-files.xcfilelist",
			);
			runOnlyForDeploymentPostprocessing = 0;
			shellPath = /bin/sh;
			shellScript = "\"${PODS_ROOT}/Target Support Files/Pods-TestApp/Pods-TestApp-frameworks.sh\"\n";
			showEnvVarsInLog = 0;
		};
/* End PBXShellScriptBuildPhase section */

/* Begin PBXSourcesBuildPhase section */
		5B2968152605A70400447A67 /* Sources */ = {
			isa = PBXSourcesBuildPhase;
			buildActionMask = 2147483647;
			files = (
				5B29686B2605A95E00447A67 /* Utility.swift in Sources */,
				5B2968212605A70400447A67 /* ViewController.swift in Sources */,
				5B29681D2605A70400447A67 /* AppDelegate.swift in Sources */,
				5B29681F2605A70400447A67 /* SceneDelegate.swift in Sources */,
				5B2968562605A7F200447A67 /* HttpRequestManager.swift in Sources */,
				5B2968572605A7F200447A67 /* KeyNameConstants.swift in Sources */,
				5B2968702605A96A00447A67 /* UtilityFunctions.swift in Sources */,
				5B2968582605A7F200447A67 /* WsPrefix.swift in Sources */,
			);
			runOnlyForDeploymentPostprocessing = 0;
		};
		5B29682B2605A70400447A67 /* Sources */ = {
			isa = PBXSourcesBuildPhase;
			buildActionMask = 2147483647;
			files = (
				5B2968342605A70400447A67 /* TestAppTests.swift in Sources */,
			);
			runOnlyForDeploymentPostprocessing = 0;
		};
		5B2968362605A70500447A67 /* Sources */ = {
			isa = PBXSourcesBuildPhase;
			buildActionMask = 2147483647;
			files = (
				5B29683F2605A70500447A67 /* TestAppUITests.swift in Sources */,
			);
			runOnlyForDeploymentPostprocessing = 0;
		};
/* End PBXSourcesBuildPhase section */

/* Begin PBXTargetDependency section */
		5B2968312605A70400447A67 /* PBXTargetDependency */ = {
			isa = PBXTargetDependency;
			target = 5B2968182605A70400447A67 /* TestApp */;
			targetProxy = 5B2968302605A70400447A67 /* PBXContainerItemProxy */;
		};
		5B29683C2605A70500447A67 /* PBXTargetDependency */ = {
			isa = PBXTargetDependency;
			target = 5B2968182605A70400447A67 /* TestApp */;
			targetProxy = 5B29683B2605A70500447A67 /* PBXContainerItemProxy */;
		};
/* End PBXTargetDependency section */

/* Begin PBXVariantGroup section */
		5B2968222605A70400447A67 /* Main.storyboard */ = {
			isa = PBXVariantGroup;
			children = (
				5B2968232605A70400447A67 /* Base */,
			);
			name = Main.storyboard;
			sourceTree = "<group>";
		};
		5B2968272605A70400447A67 /* LaunchScreen.storyboard */ = {
			isa = PBXVariantGroup;
			children = (
				5B2968282605A70400447A67 /* Base */,
			);
			name = LaunchScreen.storyboard;
			sourceTree = "<group>";
		};
/* End PBXVariantGroup section */

/* Begin XCBuildConfiguration section */
		5B2968412605A70500447A67 /* Debug */ = {
			isa = XCBuildConfiguration;
			buildSettings = {
				ALWAYS_SEARCH_USER_PATHS = NO;
				CLANG_ANALYZER_NONNULL = YES;
				CLANG_ANALYZER_NUMBER_OBJECT_CONVERSION = YES_AGGRESSIVE;
				CLANG_CXX_LANGUAGE_STANDARD = "gnu++14";
				CLANG_CXX_LIBRARY = "libc++";
				CLANG_ENABLE_MODULES = YES;
				CLANG_ENABLE_OBJC_ARC = YES;
				CLANG_ENABLE_OBJC_WEAK = YES;
				CLANG_WARN_BLOCK_CAPTURE_AUTORELEASING = YES;
				CLANG_WARN_BOOL_CONVERSION = YES;
				CLANG_WARN_COMMA = YES;
				CLANG_WARN_CONSTANT_CONVERSION = YES;
				CLANG_WARN_DEPRECATED_OBJC_IMPLEMENTATIONS = YES;
				CLANG_WARN_DIRECT_OBJC_ISA_USAGE = YES_ERROR;
				CLANG_WARN_DOCUMENTATION_COMMENTS = YES;
				CLANG_WARN_EMPTY_BODY = YES;
				CLANG_WARN_ENUM_CONVERSION = YES;
				CLANG_WARN_INFINITE_RECURSION = YES;
				CLANG_WARN_INT_CONVERSION = YES;
				CLANG_WARN_NON_LITERAL_NULL_CONVERSION = YES;
				CLANG_WARN_OBJC_IMPLICIT_RETAIN_SELF = YES;
				CLANG_WARN_OBJC_LITERAL_CONVERSION = YES;
				CLANG_WARN_OBJC_ROOT_CLASS = YES_ERROR;
				CLANG_WARN_QUOTED_INCLUDE_IN_FRAMEWORK_HEADER = YES;
				CLANG_WARN_RANGE_LOOP_ANALYSIS = YES;
				CLANG_WARN_STRICT_PROTOTYPES = YES;
				CLANG_WARN_SUSPICIOUS_MOVE = YES;
				CLANG_WARN_UNGUARDED_AVAILABILITY = YES_AGGRESSIVE;
				CLANG_WARN_UNREACHABLE_CODE = YES;
				CLANG_WARN__DUPLICATE_METHOD_MATCH = YES;
				COPY_PHASE_STRIP = NO;
				DEBUG_INFORMATION_FORMAT = dwarf;
				ENABLE_STRICT_OBJC_MSGSEND = YES;
				ENABLE_TESTABILITY = YES;
				GCC_C_LANGUAGE_STANDARD = gnu11;
				GCC_DYNAMIC_NO_PIC = NO;
				GCC_NO_COMMON_BLOCKS = YES;
				GCC_OPTIMIZATION_LEVEL = 0;
				GCC_PREPROCESSOR_DEFINITIONS = (
					"DEBUG=1",
					"$(inherited)",
				);
				GCC_WARN_64_TO_32_BIT_CONVERSION = YES;
				GCC_WARN_ABOUT_RETURN_TYPE = YES_ERROR;
				GCC_WARN_UNDECLARED_SELECTOR = YES;
				GCC_WARN_UNINITIALIZED_AUTOS = YES_AGGRESSIVE;
				GCC_WARN_UNUSED_FUNCTION = YES;
				GCC_WARN_UNUSED_VARIABLE = YES;
				IPHONEOS_DEPLOYMENT_TARGET = 14.1;
				MTL_ENABLE_DEBUG_INFO = INCLUDE_SOURCE;
				MTL_FAST_MATH = YES;
				ONLY_ACTIVE_ARCH = YES;
				SDKROOT = iphoneos;
				SWIFT_ACTIVE_COMPILATION_CONDITIONS = DEBUG;
				SWIFT_OPTIMIZATION_LEVEL = "-Onone";
			};
			name = Debug;
		};
		5B2968422605A70500447A67 /* Release */ = {
			isa = XCBuildConfiguration;
			buildSettings = {
				ALWAYS_SEARCH_USER_PATHS = NO;
				CLANG_ANALYZER_NONNULL = YES;
				CLANG_ANALYZER_NUMBER_OBJECT_CONVERSION = YES_AGGRESSIVE;
				CLANG_CXX_LANGUAGE_STANDARD = "gnu++14";
				CLANG_CXX_LIBRARY = "libc++";
				CLANG_ENABLE_MODULES = YES;
				CLANG_ENABLE_OBJC_ARC = YES;
				CLANG_ENABLE_OBJC_WEAK = YES;
				CLANG_WARN_BLOCK_CAPTURE_AUTORELEASING = YES;
				CLANG_WARN_BOOL_CONVERSION = YES;
				CLANG_WARN_COMMA = YES;
				CLANG_WARN_CONSTANT_CONVERSION = YES;
				CLANG_WARN_DEPRECATED_OBJC_IMPLEMENTATIONS = YES;
				CLANG_WARN_DIRECT_OBJC_ISA_USAGE = YES_ERROR;
				CLANG_WARN_DOCUMENTATION_COMMENTS = YES;
				CLANG_WARN_EMPTY_BODY = YES;
				CLANG_WARN_ENUM_CONVERSION = YES;
				CLANG_WARN_INFINITE_RECURSION = YES;
				CLANG_WARN_INT_CONVERSION = YES;
				CLANG_WARN_NON_LITERAL_NULL_CONVERSION = YES;
				CLANG_WARN_OBJC_IMPLICIT_RETAIN_SELF = YES;
				CLANG_WARN_OBJC_LITERAL_CONVERSION = YES;
				CLANG_WARN_OBJC_ROOT_CLASS = YES_ERROR;
				CLANG_WARN_QUOTED_INCLUDE_IN_FRAMEWORK_HEADER = YES;
				CLANG_WARN_RANGE_LOOP_ANALYSIS = YES;
				CLANG_WARN_STRICT_PROTOTYPES = YES;
				CLANG_WARN_SUSPICIOUS_MOVE = YES;
				CLANG_WARN_UNGUARDED_AVAILABILITY = YES_AGGRESSIVE;
				CLANG_WARN_UNREACHABLE_CODE = YES;
				CLANG_WARN__DUPLICATE_METHOD_MATCH = YES;
				COPY_PHASE_STRIP = NO;
				DEBUG_INFORMATION_FORMAT = "dwarf-with-dsym";
				ENABLE_NS_ASSERTIONS = NO;
				ENABLE_STRICT_OBJC_MSGSEND = YES;
				GCC_C_LANGUAGE_STANDARD = gnu11;
				GCC_NO_COMMON_BLOCKS = YES;
				GCC_WARN_64_TO_32_BIT_CONVERSION = YES;
				GCC_WARN_ABOUT_RETURN_TYPE = YES_ERROR;
				GCC_WARN_UNDECLARED_SELECTOR = YES;
				GCC_WARN_UNINITIALIZED_AUTOS = YES_AGGRESSIVE;
				GCC_WARN_UNUSED_FUNCTION = YES;
				GCC_WARN_UNUSED_VARIABLE = YES;
				IPHONEOS_DEPLOYMENT_TARGET = 14.1;
				MTL_ENABLE_DEBUG_INFO = NO;
				MTL_FAST_MATH = YES;
				SDKROOT = iphoneos;
				SWIFT_COMPILATION_MODE = wholemodule;
				SWIFT_OPTIMIZATION_LEVEL = "-O";
				VALIDATE_PRODUCT = YES;
			};
			name = Release;
		};
		5B2968442605A70500447A67 /* Debug */ = {
			isa = XCBuildConfiguration;
			baseConfigurationReference = DE479D6A253F60A745FB0DB7 /* Pods-TestApp.debug.xcconfig */;
			buildSettings = {
				ASSETCATALOG_COMPILER_APPICON_NAME = AppIcon;
				ASSETCATALOG_COMPILER_GLOBAL_ACCENT_COLOR_NAME = AccentColor;
				CODE_SIGN_STYLE = Automatic;
				INFOPLIST_FILE = TestApp/Info.plist;
				LD_RUNPATH_SEARCH_PATHS = (
					"$(inherited)",
					"@executable_path/Frameworks",
				);
				PRODUCT_BUNDLE_IDENTIFIER = test.demo.TestApp;
				PRODUCT_NAME = "$(TARGET_NAME)";
				SWIFT_VERSION = 5.0;
				TARGETED_DEVICE_FAMILY = 1;
			};
			name = Debug;
		};
		5B2968452605A70500447A67 /* Release */ = {
			isa = XCBuildConfiguration;
			baseConfigurationReference = 723218796B0A59FCBEEF3E9A /* Pods-TestApp.release.xcconfig */;
			buildSettings = {
				ASSETCATALOG_COMPILER_APPICON_NAME = AppIcon;
				ASSETCATALOG_COMPILER_GLOBAL_ACCENT_COLOR_NAME = AccentColor;
				CODE_SIGN_STYLE = Automatic;
				INFOPLIST_FILE = TestApp/Info.plist;
				LD_RUNPATH_SEARCH_PATHS = (
					"$(inherited)",
					"@executable_path/Frameworks",
				);
				PRODUCT_BUNDLE_IDENTIFIER = test.demo.TestApp;
				PRODUCT_NAME = "$(TARGET_NAME)";
				SWIFT_VERSION = 5.0;
				TARGETED_DEVICE_FAMILY = 1;
			};
			name = Release;
		};
		5B2968472605A70500447A67 /* Debug */ = {
			isa = XCBuildConfiguration;
			baseConfigurationReference = 9C6A81012E40FAB361F93F97 /* Pods-TestAppTests.debug.xcconfig */;
			buildSettings = {
				ALWAYS_EMBED_SWIFT_STANDARD_LIBRARIES = YES;
				BUNDLE_LOADER = "$(TEST_HOST)";
				CODE_SIGN_STYLE = Automatic;
				INFOPLIST_FILE = TestAppTests/Info.plist;
				IPHONEOS_DEPLOYMENT_TARGET = 14.1;
				LD_RUNPATH_SEARCH_PATHS = (
					"$(inherited)",
					"@executable_path/Frameworks",
					"@loader_path/Frameworks",
				);
				PRODUCT_BUNDLE_IDENTIFIER = test.demo.TestAppTests;
				PRODUCT_NAME = "$(TARGET_NAME)";
				SWIFT_VERSION = 5.0;
				TARGETED_DEVICE_FAMILY = "1,2";
				TEST_HOST = "$(BUILT_PRODUCTS_DIR)/TestApp.app/TestApp";
			};
			name = Debug;
		};
		5B2968482605A70500447A67 /* Release */ = {
			isa = XCBuildConfiguration;
			baseConfigurationReference = C08FA873686EE472DBFC59C3 /* Pods-TestAppTests.release.xcconfig */;
			buildSettings = {
				ALWAYS_EMBED_SWIFT_STANDARD_LIBRARIES = YES;
				BUNDLE_LOADER = "$(TEST_HOST)";
				CODE_SIGN_STYLE = Automatic;
				INFOPLIST_FILE = TestAppTests/Info.plist;
				IPHONEOS_DEPLOYMENT_TARGET = 14.1;
				LD_RUNPATH_SEARCH_PATHS = (
					"$(inherited)",
					"@executable_path/Frameworks",
					"@loader_path/Frameworks",
				);
				PRODUCT_BUNDLE_IDENTIFIER = test.demo.TestAppTests;
				PRODUCT_NAME = "$(TARGET_NAME)";
				SWIFT_VERSION = 5.0;
				TARGETED_DEVICE_FAMILY = "1,2";
				TEST_HOST = "$(BUILT_PRODUCTS_DIR)/TestApp.app/TestApp";
			};
			name = Release;
		};
		5B29684A2605A70500447A67 /* Debug */ = {
			isa = XCBuildConfiguration;
			baseConfigurationReference = C05CCA053C797F934B407253 /* Pods-TestApp-TestAppUITests.debug.xcconfig */;
			buildSettings = {
				ALWAYS_EMBED_SWIFT_STANDARD_LIBRARIES = YES;
				CODE_SIGN_STYLE = Automatic;
				INFOPLIST_FILE = TestAppUITests/Info.plist;
				LD_RUNPATH_SEARCH_PATHS = (
					"$(inherited)",
					"@executable_path/Frameworks",
					"@loader_path/Frameworks",
				);
				PRODUCT_BUNDLE_IDENTIFIER = test.demo.TestAppUITests;
				PRODUCT_NAME = "$(TARGET_NAME)";
				SWIFT_VERSION = 5.0;
				TARGETED_DEVICE_FAMILY = "1,2";
				TEST_TARGET_NAME = TestApp;
			};
			name = Debug;
		};
		5B29684B2605A70500447A67 /* Release */ = {
			isa = XCBuildConfiguration;
			baseConfigurationReference = CB15CBEDECECEC152A18512D /* Pods-TestApp-TestAppUITests.release.xcconfig */;
			buildSettings = {
				ALWAYS_EMBED_SWIFT_STANDARD_LIBRARIES = YES;
				CODE_SIGN_STYLE = Automatic;
				INFOPLIST_FILE = TestAppUITests/Info.plist;
				LD_RUNPATH_SEARCH_PATHS = (
					"$(inherited)",
					"@executable_path/Frameworks",
					"@loader_path/Frameworks",
				);
				PRODUCT_BUNDLE_IDENTIFIER = test.demo.TestAppUITests;
				PRODUCT_NAME = "$(TARGET_NAME)";
				SWIFT_VERSION = 5.0;
				TARGETED_DEVICE_FAMILY = "1,2";
				TEST_TARGET_NAME = TestApp;
			};
			name = Release;
		};
/* End XCBuildConfiguration section */

/* Begin XCConfigurationList section */
		5B2968142605A70300447A67 /* Build configuration list for PBXProject "TestApp" */ = {
			isa = XCConfigurationList;
			buildConfigurations = (
				5B2968412605A70500447A67 /* Debug */,
				5B2968422605A70500447A67 /* Release */,
			);
			defaultConfigurationIsVisible = 0;
			defaultConfigurationName = Release;
		};
		5B2968432605A70500447A67 /* Build configuration list for PBXNativeTarget "TestApp" */ = {
			isa = XCConfigurationList;
			buildConfigurations = (
				5B2968442605A70500447A67 /* Debug */,
				5B2968452605A70500447A67 /* Release */,
			);
			defaultConfigurationIsVisible = 0;
			defaultConfigurationName = Release;
		};
		5B2968462605A70500447A67 /* Build configuration list for PBXNativeTarget "TestAppTests" */ = {
			isa = XCConfigurationList;
			buildConfigurations = (
				5B2968472605A70500447A67 /* Debug */,
				5B2968482605A70500447A67 /* Release */,
			);
			defaultConfigurationIsVisible = 0;
			defaultConfigurationName = Release;
		};
		5B2968492605A70500447A67 /* Build configuration list for PBXNativeTarget "TestAppUITests" */ = {
			isa = XCConfigurationList;
			buildConfigurations = (
				5B29684A2605A70500447A67 /* Debug */,
				5B29684B2605A70500447A67 /* Release */,
			);
			defaultConfigurationIsVisible = 0;
			defaultConfigurationName = Release;
		};
/* End XCConfigurationList section */
	};
	rootObject = 5B2968112605A70300447A67 /* Project object */;
}
